// !$*UTF8*$!
{
	archiveVersion = 1;
	classes = {
	};
	objectVersion = 56;
	objects = {

/* Begin PBXBuildFile section */
		77615ABF2C1F940A00015782 /* Vector_VisualiserApp.swift in Sources */ = {isa = PBXBuildFile; fileRef = 77615ABE2C1F940A00015782 /* Vector_VisualiserApp.swift */; };
		77615AC12C1F940A00015782 /* ContentView.swift in Sources */ = {isa = PBXBuildFile; fileRef = 77615AC02C1F940A00015782 /* ContentView.swift */; };
		77615AC32C1F940A00015782 /* Item.swift in Sources */ = {isa = PBXBuildFile; fileRef = 77615AC22C1F940A00015782 /* Item.swift */; };
		77615AC52C1F940C00015782 /* Assets.xcassets in Resources */ = {isa = PBXBuildFile; fileRef = 77615AC42C1F940C00015782 /* Assets.xcassets */; };
		77615AC82C1F940C00015782 /* Preview Assets.xcassets in Resources */ = {isa = PBXBuildFile; fileRef = 77615AC72C1F940C00015782 /* Preview Assets.xcassets */; };
		77615AD32C1F940C00015782 /* Vector_VisualiserTests.swift in Sources */ = {isa = PBXBuildFile; fileRef = 77615AD22C1F940C00015782 /* Vector_VisualiserTests.swift */; };
		77615ADD2C1F940C00015782 /* Vector_VisualiserUITests.swift in Sources */ = {isa = PBXBuildFile; fileRef = 77615ADC2C1F940C00015782 /* Vector_VisualiserUITests.swift */; };
		77615ADF2C1F940C00015782 /* Vector_VisualiserUITestsLaunchTests.swift in Sources */ = {isa = PBXBuildFile; fileRef = 77615ADE2C1F940C00015782 /* Vector_VisualiserUITestsLaunchTests.swift */; };
		77615AED2C1F963F00015782 /* 2DPlaneVisualiser.swift in Sources */ = {isa = PBXBuildFile; fileRef = 77615AEC2C1F963F00015782 /* 2DPlaneVisualiser.swift */; };
		77615AEF2C2B2C8200015782 /* PopupMaster.swift in Sources */ = {isa = PBXBuildFile; fileRef = 77615AEE2C2B2C8200015782 /* PopupMaster.swift */; };
		77615AF22C2B301800015782 /* New2DVectorPopup.swift in Sources */ = {isa = PBXBuildFile; fileRef = 77615AF12C2B301800015782 /* New2DVectorPopup.swift */; };
/* End PBXBuildFile section */

/* Begin PBXContainerItemProxy section */
		77615ACF2C1F940C00015782 /* PBXContainerItemProxy */ = {
			isa = PBXContainerItemProxy;
			containerPortal = 77615AB32C1F940A00015782 /* Project object */;
			proxyType = 1;
			remoteGlobalIDString = 77615ABA2C1F940A00015782;
			remoteInfo = "Vector Visualiser";
		};
		77615AD92C1F940C00015782 /* PBXContainerItemProxy */ = {
			isa = PBXContainerItemProxy;
			containerPortal = 77615AB32C1F940A00015782 /* Project object */;
			proxyType = 1;
			remoteGlobalIDString = 77615ABA2C1F940A00015782;
			remoteInfo = "Vector Visualiser";
		};
/* End PBXContainerItemProxy section */

/* Begin PBXFileReference section */
		77615ABB2C1F940A00015782 /* Vector Visualiser.app */ = {isa = PBXFileReference; explicitFileType = wrapper.application; includeInIndex = 0; path = "Vector Visualiser.app"; sourceTree = BUILT_PRODUCTS_DIR; };
		77615ABE2C1F940A00015782 /* Vector_VisualiserApp.swift */ = {isa = PBXFileReference; lastKnownFileType = sourcecode.swift; path = Vector_VisualiserApp.swift; sourceTree = "<group>"; };
		77615AC02C1F940A00015782 /* ContentView.swift */ = {isa = PBXFileReference; lastKnownFileType = sourcecode.swift; path = ContentView.swift; sourceTree = "<group>"; };
		77615AC22C1F940A00015782 /* Item.swift */ = {isa = PBXFileReference; lastKnownFileType = sourcecode.swift; path = Item.swift; sourceTree = "<group>"; };
		77615AC42C1F940C00015782 /* Assets.xcassets */ = {isa = PBXFileReference; lastKnownFileType = folder.assetcatalog; path = Assets.xcassets; sourceTree = "<group>"; };
		77615AC72C1F940C00015782 /* Preview Assets.xcassets */ = {isa = PBXFileReference; lastKnownFileType = folder.assetcatalog; path = "Preview Assets.xcassets"; sourceTree = "<group>"; };
		77615AC92C1F940C00015782 /* Vector_Visualiser.entitlements */ = {isa = PBXFileReference; lastKnownFileType = text.plist.entitlements; path = Vector_Visualiser.entitlements; sourceTree = "<group>"; };
		77615ACE2C1F940C00015782 /* Vector VisualiserTests.xctest */ = {isa = PBXFileReference; explicitFileType = wrapper.cfbundle; includeInIndex = 0; path = "Vector VisualiserTests.xctest"; sourceTree = BUILT_PRODUCTS_DIR; };
		77615AD22C1F940C00015782 /* Vector_VisualiserTests.swift */ = {isa = PBXFileReference; lastKnownFileType = sourcecode.swift; path = Vector_VisualiserTests.swift; sourceTree = "<group>"; };
		77615AD82C1F940C00015782 /* Vector VisualiserUITests.xctest */ = {isa = PBXFileReference; explicitFileType = wrapper.cfbundle; includeInIndex = 0; path = "Vector VisualiserUITests.xctest"; sourceTree = BUILT_PRODUCTS_DIR; };
		77615ADC2C1F940C00015782 /* Vector_VisualiserUITests.swift */ = {isa = PBXFileReference; lastKnownFileType = sourcecode.swift; path = Vector_VisualiserUITests.swift; sourceTree = "<group>"; };
		77615ADE2C1F940C00015782 /* Vector_VisualiserUITestsLaunchTests.swift */ = {isa = PBXFileReference; lastKnownFileType = sourcecode.swift; path = Vector_VisualiserUITestsLaunchTests.swift; sourceTree = "<group>"; };
		77615AEC2C1F963F00015782 /* 2DPlaneVisualiser.swift */ = {isa = PBXFileReference; lastKnownFileType = sourcecode.swift; path = 2DPlaneVisualiser.swift; sourceTree = "<group>"; };
		77615AEE2C2B2C8200015782 /* PopupMaster.swift */ = {isa = PBXFileReference; lastKnownFileType = sourcecode.swift; path = PopupMaster.swift; sourceTree = "<group>"; };
		77615AF12C2B301800015782 /* New2DVectorPopup.swift */ = {isa = PBXFileReference; lastKnownFileType = sourcecode.swift; path = New2DVectorPopup.swift; sourceTree = "<group>"; };
/* End PBXFileReference section */

/* Begin PBXFrameworksBuildPhase section */
		77615AB82C1F940A00015782 /* Frameworks */ = {
			isa = PBXFrameworksBuildPhase;
			buildActionMask = 2147483647;
			files = (
			);
			runOnlyForDeploymentPostprocessing = 0;
		};
		77615ACB2C1F940C00015782 /* Frameworks */ = {
			isa = PBXFrameworksBuildPhase;
			buildActionMask = 2147483647;
			files = (
			);
			runOnlyForDeploymentPostprocessing = 0;
		};
		77615AD52C1F940C00015782 /* Frameworks */ = {
			isa = PBXFrameworksBuildPhase;
			buildActionMask = 2147483647;
			files = (
			);
			runOnlyForDeploymentPostprocessing = 0;
		};
/* End PBXFrameworksBuildPhase section */

/* Begin PBXGroup section */
		77615AB22C1F940A00015782 = {
			isa = PBXGroup;
			children = (
				77615ABD2C1F940A00015782 /* Vector Visualiser */,
				77615AD12C1F940C00015782 /* Vector VisualiserTests */,
				77615ADB2C1F940C00015782 /* Vector VisualiserUITests */,
				77615ABC2C1F940A00015782 /* Products */,
			);
			sourceTree = "<group>";
		};
		77615ABC2C1F940A00015782 /* Products */ = {
			isa = PBXGroup;
			children = (
				77615ABB2C1F940A00015782 /* Vector Visualiser.app */,
				77615ACE2C1F940C00015782 /* Vector VisualiserTests.xctest */,
				77615AD82C1F940C00015782 /* Vector VisualiserUITests.xctest */,
			);
			name = Products;
			sourceTree = "<group>";
		};
		77615ABD2C1F940A00015782 /* Vector Visualiser */ = {
			isa = PBXGroup;
			children = (
				77615AF02C2B300B00015782 /* Popups */,
				77615AEB2C1F963300015782 /* Planes */,
				77615ABE2C1F940A00015782 /* Vector_VisualiserApp.swift */,
				77615AC02C1F940A00015782 /* ContentView.swift */,
				77615AC22C1F940A00015782 /* Item.swift */,
				77615AC42C1F940C00015782 /* Assets.xcassets */,
				77615AC92C1F940C00015782 /* Vector_Visualiser.entitlements */,
				77615AC62C1F940C00015782 /* Preview Content */,
				77615AEE2C2B2C8200015782 /* PopupMaster.swift */,
			);
			path = "Vector Visualiser";
			sourceTree = "<group>";
		};
		77615AC62C1F940C00015782 /* Preview Content */ = {
			isa = PBXGroup;
			children = (
				77615AC72C1F940C00015782 /* Preview Assets.xcassets */,
			);
			path = "Preview Content";
			sourceTree = "<group>";
		};
		77615AD12C1F940C00015782 /* Vector VisualiserTests */ = {
			isa = PBXGroup;
			children = (
				77615AD22C1F940C00015782 /* Vector_VisualiserTests.swift */,
			);
			path = "Vector VisualiserTests";
			sourceTree = "<group>";
		};
		77615ADB2C1F940C00015782 /* Vector VisualiserUITests */ = {
			isa = PBXGroup;
			children = (
				77615ADC2C1F940C00015782 /* Vector_VisualiserUITests.swift */,
				77615ADE2C1F940C00015782 /* Vector_VisualiserUITestsLaunchTests.swift */,
			);
			path = "Vector VisualiserUITests";
			sourceTree = "<group>";
		};
		77615AEB2C1F963300015782 /* Planes */ = {
			isa = PBXGroup;
			children = (
				77615AEC2C1F963F00015782 /* 2DPlaneVisualiser.swift */,
			);
			path = Planes;
			sourceTree = "<group>";
		};
		77615AF02C2B300B00015782 /* Popups */ = {
			isa = PBXGroup;
			children = (
				77615AF12C2B301800015782 /* New2DVectorPopup.swift */,
			);
			path = Popups;
			sourceTree = "<group>";
		};
/* End PBXGroup section */

/* Begin PBXNativeTarget section */
		77615ABA2C1F940A00015782 /* Vector Visualiser */ = {
			isa = PBXNativeTarget;
			buildConfigurationList = 77615AE22C1F940C00015782 /* Build configuration list for PBXNativeTarget "Vector Visualiser" */;
			buildPhases = (
				77615AB72C1F940A00015782 /* Sources */,
				77615AB82C1F940A00015782 /* Frameworks */,
				77615AB92C1F940A00015782 /* Resources */,
			);
			buildRules = (
			);
			dependencies = (
			);
			name = "Vector Visualiser";
			productName = "Vector Visualiser";
			productReference = 77615ABB2C1F940A00015782 /* Vector Visualiser.app */;
			productType = "com.apple.product-type.application";
		};
		77615ACD2C1F940C00015782 /* Vector VisualiserTests */ = {
			isa = PBXNativeTarget;
			buildConfigurationList = 77615AE52C1F940C00015782 /* Build configuration list for PBXNativeTarget "Vector VisualiserTests" */;
			buildPhases = (
				77615ACA2C1F940C00015782 /* Sources */,
				77615ACB2C1F940C00015782 /* Frameworks */,
				77615ACC2C1F940C00015782 /* Resources */,
			);
			buildRules = (
			);
			dependencies = (
				77615AD02C1F940C00015782 /* PBXTargetDependency */,
			);
			name = "Vector VisualiserTests";
			productName = "Vector VisualiserTests";
			productReference = 77615ACE2C1F940C00015782 /* Vector VisualiserTests.xctest */;
			productType = "com.apple.product-type.bundle.unit-test";
		};
		77615AD72C1F940C00015782 /* Vector VisualiserUITests */ = {
			isa = PBXNativeTarget;
			buildConfigurationList = 77615AE82C1F940C00015782 /* Build configuration list for PBXNativeTarget "Vector VisualiserUITests" */;
			buildPhases = (
				77615AD42C1F940C00015782 /* Sources */,
				77615AD52C1F940C00015782 /* Frameworks */,
				77615AD62C1F940C00015782 /* Resources */,
			);
			buildRules = (
			);
			dependencies = (
				77615ADA2C1F940C00015782 /* PBXTargetDependency */,
			);
			name = "Vector VisualiserUITests";
			productName = "Vector VisualiserUITests";
			productReference = 77615AD82C1F940C00015782 /* Vector VisualiserUITests.xctest */;
			productType = "com.apple.product-type.bundle.ui-testing";
		};
/* End PBXNativeTarget section */

/* Begin PBXProject section */
		77615AB32C1F940A00015782 /* Project object */ = {
			isa = PBXProject;
			attributes = {
				BuildIndependentTargetsInParallel = 1;
				LastSwiftUpdateCheck = 1540;
				LastUpgradeCheck = 1540;
				TargetAttributes = {
					77615ABA2C1F940A00015782 = {
						CreatedOnToolsVersion = 15.4;
					};
					77615ACD2C1F940C00015782 = {
						CreatedOnToolsVersion = 15.4;
						TestTargetID = 77615ABA2C1F940A00015782;
					};
					77615AD72C1F940C00015782 = {
						CreatedOnToolsVersion = 15.4;
						TestTargetID = 77615ABA2C1F940A00015782;
					};
				};
			};
			buildConfigurationList = 77615AB62C1F940A00015782 /* Build configuration list for PBXProject "Vector Visualiser" */;
			compatibilityVersion = "Xcode 14.0";
			developmentRegion = en;
			hasScannedForEncodings = 0;
			knownRegions = (
				en,
				Base,
			);
			mainGroup = 77615AB22C1F940A00015782;
			productRefGroup = 77615ABC2C1F940A00015782 /* Products */;
			projectDirPath = "";
			projectRoot = "";
			targets = (
				77615ABA2C1F940A00015782 /* Vector Visualiser */,
				77615ACD2C1F940C00015782 /* Vector VisualiserTests */,
				77615AD72C1F940C00015782 /* Vector VisualiserUITests */,
			);
		};
/* End PBXProject section */

/* Begin PBXResourcesBuildPhase section */
		77615AB92C1F940A00015782 /* Resources */ = {
			isa = PBXResourcesBuildPhase;
			buildActionMask = 2147483647;
			files = (
				77615AC82C1F940C00015782 /* Preview Assets.xcassets in Resources */,
				77615AC52C1F940C00015782 /* Assets.xcassets in Resources */,
			);
			runOnlyForDeploymentPostprocessing = 0;
		};
		77615ACC2C1F940C00015782 /* Resources */ = {
			isa = PBXResourcesBuildPhase;
			buildActionMask = 2147483647;
			files = (
			);
			runOnlyForDeploymentPostprocessing = 0;
		};
		77615AD62C1F940C00015782 /* Resources */ = {
			isa = PBXResourcesBuildPhase;
			buildActionMask = 2147483647;
			files = (
			);
			runOnlyForDeploymentPostprocessing = 0;
		};
/* End PBXResourcesBuildPhase section */

/* Begin PBXSourcesBuildPhase section */
		77615AB72C1F940A00015782 /* Sources */ = {
			isa = PBXSourcesBuildPhase;
			buildActionMask = 2147483647;
			files = (
				77615AF22C2B301800015782 /* New2DVectorPopup.swift in Sources */,
				77615AC12C1F940A00015782 /* ContentView.swift in Sources */,
				77615AC32C1F940A00015782 /* Item.swift in Sources */,
				77615ABF2C1F940A00015782 /* Vector_VisualiserApp.swift in Sources */,
				77615AED2C1F963F00015782 /* 2DPlaneVisualiser.swift in Sources */,
				77615AEF2C2B2C8200015782 /* PopupMaster.swift in Sources */,
			);
			runOnlyForDeploymentPostprocessing = 0;
		};
		77615ACA2C1F940C00015782 /* Sources */ = {
			isa = PBXSourcesBuildPhase;
			buildActionMask = 2147483647;
			files = (
				77615AD32C1F940C00015782 /* Vector_VisualiserTests.swift in Sources */,
			);
			runOnlyForDeploymentPostprocessing = 0;
		};
		77615AD42C1F940C00015782 /* Sources */ = {
			isa = PBXSourcesBuildPhase;
			buildActionMask = 2147483647;
			files = (
				77615ADF2C1F940C00015782 /* Vector_VisualiserUITestsLaunchTests.swift in Sources */,
				77615ADD2C1F940C00015782 /* Vector_VisualiserUITests.swift in Sources */,
			);
			runOnlyForDeploymentPostprocessing = 0;
		};
/* End PBXSourcesBuildPhase section */

/* Begin PBXTargetDependency section */
		77615AD02C1F940C00015782 /* PBXTargetDependency */ = {
			isa = PBXTargetDependency;
			target = 77615ABA2C1F940A00015782 /* Vector Visualiser */;
			targetProxy = 77615ACF2C1F940C00015782 /* PBXContainerItemProxy */;
		};
		77615ADA2C1F940C00015782 /* PBXTargetDependency */ = {
			isa = PBXTargetDependency;
			target = 77615ABA2C1F940A00015782 /* Vector Visualiser */;
			targetProxy = 77615AD92C1F940C00015782 /* PBXContainerItemProxy */;
		};
/* End PBXTargetDependency section */

/* Begin XCBuildConfiguration section */
		77615AE02C1F940C00015782 /* Debug */ = {
			isa = XCBuildConfiguration;
			buildSettings = {
				ALWAYS_SEARCH_USER_PATHS = NO;
				ASSETCATALOG_COMPILER_GENERATE_SWIFT_ASSET_SYMBOL_EXTENSIONS = YES;
				CLANG_ANALYZER_NONNULL = YES;
				CLANG_ANALYZER_NUMBER_OBJECT_CONVERSION = YES_AGGRESSIVE;
				CLANG_CXX_LANGUAGE_STANDARD = "gnu++20";
				CLANG_ENABLE_MODULES = YES;
				CLANG_ENABLE_OBJC_ARC = YES;
				CLANG_ENABLE_OBJC_WEAK = YES;
				CLANG_WARN_BLOCK_CAPTURE_AUTORELEASING = YES;
				CLANG_WARN_BOOL_CONVERSION = YES;
				CLANG_WARN_COMMA = YES;
				CLANG_WARN_CONSTANT_CONVERSION = YES;
				CLANG_WARN_DEPRECATED_OBJC_IMPLEMENTATIONS = YES;
				CLANG_WARN_DIRECT_OBJC_ISA_USAGE = YES_ERROR;
				CLANG_WARN_DOCUMENTATION_COMMENTS = YES;
				CLANG_WARN_EMPTY_BODY = YES;
				CLANG_WARN_ENUM_CONVERSION = YES;
				CLANG_WARN_INFINITE_RECURSION = YES;
				CLANG_WARN_INT_CONVERSION = YES;
				CLANG_WARN_NON_LITERAL_NULL_CONVERSION = YES;
				CLANG_WARN_OBJC_IMPLICIT_RETAIN_SELF = YES;
				CLANG_WARN_OBJC_LITERAL_CONVERSION = YES;
				CLANG_WARN_OBJC_ROOT_CLASS = YES_ERROR;
				CLANG_WARN_QUOTED_INCLUDE_IN_FRAMEWORK_HEADER = YES;
				CLANG_WARN_RANGE_LOOP_ANALYSIS = YES;
				CLANG_WARN_STRICT_PROTOTYPES = YES;
				CLANG_WARN_SUSPICIOUS_MOVE = YES;
				CLANG_WARN_UNGUARDED_AVAILABILITY = YES_AGGRESSIVE;
				CLANG_WARN_UNREACHABLE_CODE = YES;
				CLANG_WARN__DUPLICATE_METHOD_MATCH = YES;
				COPY_PHASE_STRIP = NO;
				DEBUG_INFORMATION_FORMAT = dwarf;
				ENABLE_STRICT_OBJC_MSGSEND = YES;
				ENABLE_TESTABILITY = YES;
				ENABLE_USER_SCRIPT_SANDBOXING = YES;
				GCC_C_LANGUAGE_STANDARD = gnu17;
				GCC_DYNAMIC_NO_PIC = NO;
				GCC_NO_COMMON_BLOCKS = YES;
				GCC_OPTIMIZATION_LEVEL = 0;
				GCC_PREPROCESSOR_DEFINITIONS = (
					"DEBUG=1",
					"$(inherited)",
				);
				GCC_WARN_64_TO_32_BIT_CONVERSION = YES;
				GCC_WARN_ABOUT_RETURN_TYPE = YES_ERROR;
				GCC_WARN_UNDECLARED_SELECTOR = YES;
				GCC_WARN_UNINITIALIZED_AUTOS = YES_AGGRESSIVE;
				GCC_WARN_UNUSED_FUNCTION = YES;
				GCC_WARN_UNUSED_VARIABLE = YES;
				LOCALIZATION_PREFERS_STRING_CATALOGS = YES;
				MACOSX_DEPLOYMENT_TARGET = 14.5;
				MTL_ENABLE_DEBUG_INFO = INCLUDE_SOURCE;
				MTL_FAST_MATH = YES;
				ONLY_ACTIVE_ARCH = YES;
				SDKROOT = macosx;
				SWIFT_ACTIVE_COMPILATION_CONDITIONS = "DEBUG $(inherited)";
				SWIFT_OPTIMIZATION_LEVEL = "-Onone";
			};
			name = Debug;
		};
		77615AE12C1F940C00015782 /* Release */ = {
			isa = XCBuildConfiguration;
			buildSettings = {
				ALWAYS_SEARCH_USER_PATHS = NO;
				ASSETCATALOG_COMPILER_GENERATE_SWIFT_ASSET_SYMBOL_EXTENSIONS = YES;
				CLANG_ANALYZER_NONNULL = YES;
				CLANG_ANALYZER_NUMBER_OBJECT_CONVERSION = YES_AGGRESSIVE;
				CLANG_CXX_LANGUAGE_STANDARD = "gnu++20";
				CLANG_ENABLE_MODULES = YES;
				CLANG_ENABLE_OBJC_ARC = YES;
				CLANG_ENABLE_OBJC_WEAK = YES;
				CLANG_WARN_BLOCK_CAPTURE_AUTORELEASING = YES;
				CLANG_WARN_BOOL_CONVERSION = YES;
				CLANG_WARN_COMMA = YES;
				CLANG_WARN_CONSTANT_CONVERSION = YES;
				CLANG_WARN_DEPRECATED_OBJC_IMPLEMENTATIONS = YES;
				CLANG_WARN_DIRECT_OBJC_ISA_USAGE = YES_ERROR;
				CLANG_WARN_DOCUMENTATION_COMMENTS = YES;
				CLANG_WARN_EMPTY_BODY = YES;
				CLANG_WARN_ENUM_CONVERSION = YES;
				CLANG_WARN_INFINITE_RECURSION = YES;
				CLANG_WARN_INT_CONVERSION = YES;
				CLANG_WARN_NON_LITERAL_NULL_CONVERSION = YES;
				CLANG_WARN_OBJC_IMPLICIT_RETAIN_SELF = YES;
				CLANG_WARN_OBJC_LITERAL_CONVERSION = YES;
				CLANG_WARN_OBJC_ROOT_CLASS = YES_ERROR;
				CLANG_WARN_QUOTED_INCLUDE_IN_FRAMEWORK_HEADER = YES;
				CLANG_WARN_RANGE_LOOP_ANALYSIS = YES;
				CLANG_WARN_STRICT_PROTOTYPES = YES;
				CLANG_WARN_SUSPICIOUS_MOVE = YES;
				CLANG_WARN_UNGUARDED_AVAILABILITY = YES_AGGRESSIVE;
				CLANG_WARN_UNREACHABLE_CODE = YES;
				CLANG_WARN__DUPLICATE_METHOD_MATCH = YES;
				COPY_PHASE_STRIP = NO;
				DEBUG_INFORMATION_FORMAT = "dwarf-with-dsym";
				ENABLE_NS_ASSERTIONS = NO;
				ENABLE_STRICT_OBJC_MSGSEND = YES;
				ENABLE_USER_SCRIPT_SANDBOXING = YES;
				GCC_C_LANGUAGE_STANDARD = gnu17;
				GCC_NO_COMMON_BLOCKS = YES;
				GCC_WARN_64_TO_32_BIT_CONVERSION = YES;
				GCC_WARN_ABOUT_RETURN_TYPE = YES_ERROR;
				GCC_WARN_UNDECLARED_SELECTOR = YES;
				GCC_WARN_UNINITIALIZED_AUTOS = YES_AGGRESSIVE;
				GCC_WARN_UNUSED_FUNCTION = YES;
				GCC_WARN_UNUSED_VARIABLE = YES;
				LOCALIZATION_PREFERS_STRING_CATALOGS = YES;
				MACOSX_DEPLOYMENT_TARGET = 14.5;
				MTL_ENABLE_DEBUG_INFO = NO;
				MTL_FAST_MATH = YES;
				SDKROOT = macosx;
				SWIFT_COMPILATION_MODE = wholemodule;
			};
			name = Release;
		};
		77615AE32C1F940C00015782 /* Debug */ = {
			isa = XCBuildConfiguration;
			buildSettings = {
				ASSETCATALOG_COMPILER_APPICON_NAME = AppIcon;
				ASSETCATALOG_COMPILER_GLOBAL_ACCENT_COLOR_NAME = AccentColor;
				CODE_SIGN_ENTITLEMENTS = "Vector Visualiser/Vector_Visualiser.entitlements";
				CODE_SIGN_STYLE = Automatic;
				COMBINE_HIDPI_IMAGES = YES;
				CURRENT_PROJECT_VERSION = 1;
				DEVELOPMENT_ASSET_PATHS = "\"Vector Visualiser/Preview Content\"";
				DEVELOPMENT_TEAM = N4XT3T68YY;
				ENABLE_HARDENED_RUNTIME = YES;
				ENABLE_PREVIEWS = YES;
				GENERATE_INFOPLIST_FILE = YES;
				INFOPLIST_KEY_NSHumanReadableCopyright = "";
				LD_RUNPATH_SEARCH_PATHS = (
					"$(inherited)",
					"@executable_path/../Frameworks",
				);
				MACOSX_DEPLOYMENT_TARGET = 14.0;
				MARKETING_VERSION = 1.0;
				PRODUCT_BUNDLE_IDENTIFIER = "Will-Lucas.Vector-Visualiser";
				PRODUCT_NAME = "$(TARGET_NAME)";
				SWIFT_EMIT_LOC_STRINGS = YES;
				SWIFT_VERSION = 5.0;
			};
			name = Debug;
		};
		77615AE42C1F940C00015782 /* Release */ = {
			isa = XCBuildConfiguration;
			buildSettings = {
				ASSETCATALOG_COMPILER_APPICON_NAME = AppIcon;
				ASSETCATALOG_COMPILER_GLOBAL_ACCENT_COLOR_NAME = AccentColor;
				CODE_SIGN_ENTITLEMENTS = "Vector Visualiser/Vector_Visualiser.entitlements";
				CODE_SIGN_STYLE = Automatic;
				COMBINE_HIDPI_IMAGES = YES;
				CURRENT_PROJECT_VERSION = 1;
				DEVELOPMENT_ASSET_PATHS = "\"Vector Visualiser/Preview Content\"";
				DEVELOPMENT_TEAM = N4XT3T68YY;
				ENABLE_HARDENED_RUNTIME = YES;
				ENABLE_PREVIEWS = YES;
				GENERATE_INFOPLIST_FILE = YES;
				INFOPLIST_KEY_NSHumanReadableCopyright = "";
				LD_RUNPATH_SEARCH_PATHS = (
					"$(inherited)",
					"@executable_path/../Frameworks",
				);
				MACOSX_DEPLOYMENT_TARGET = 14.0;
				MARKETING_VERSION = 1.0;
				PRODUCT_BUNDLE_IDENTIFIER = "Will-Lucas.Vector-Visualiser";
				PRODUCT_NAME = "$(TARGET_NAME)";
				SWIFT_EMIT_LOC_STRINGS = YES;
				SWIFT_VERSION = 5.0;
			};
			name = Release;
		};
		77615AE62C1F940C00015782 /* Debug */ = {
			isa = XCBuildConfiguration;
			buildSettings = {
				ALWAYS_EMBED_SWIFT_STANDARD_LIBRARIES = YES;
				BUNDLE_LOADER = "$(TEST_HOST)";
				CODE_SIGN_STYLE = Automatic;
				CURRENT_PROJECT_VERSION = 1;
				DEVELOPMENT_TEAM = N4XT3T68YY;
				GENERATE_INFOPLIST_FILE = YES;
				MACOSX_DEPLOYMENT_TARGET = 14.0;
				MARKETING_VERSION = 1.0;
				PRODUCT_BUNDLE_IDENTIFIER = "Will-Lucas.Vector-VisualiserTests";
				PRODUCT_NAME = "$(TARGET_NAME)";
				SWIFT_EMIT_LOC_STRINGS = NO;
				SWIFT_VERSION = 5.0;
				TEST_HOST = "$(BUILT_PRODUCTS_DIR)/Vector Visualiser.app/$(BUNDLE_EXECUTABLE_FOLDER_PATH)/Vector Visualiser";
			};
			name = Debug;
		};
		77615AE72C1F940C00015782 /* Release */ = {
			isa = XCBuildConfiguration;
			buildSettings = {
				ALWAYS_EMBED_SWIFT_STANDARD_LIBRARIES = YES;
				BUNDLE_LOADER = "$(TEST_HOST)";
				CODE_SIGN_STYLE = Automatic;
				CURRENT_PROJECT_VERSION = 1;
				DEVELOPMENT_TEAM = N4XT3T68YY;
				GENERATE_INFOPLIST_FILE = YES;
				MACOSX_DEPLOYMENT_TARGET = 14.0;
				MARKETING_VERSION = 1.0;
				PRODUCT_BUNDLE_IDENTIFIER = "Will-Lucas.Vector-VisualiserTests";
				PRODUCT_NAME = "$(TARGET_NAME)";
				SWIFT_EMIT_LOC_STRINGS = NO;
				SWIFT_VERSION = 5.0;
				TEST_HOST = "$(BUILT_PRODUCTS_DIR)/Vector Visualiser.app/$(BUNDLE_EXECUTABLE_FOLDER_PATH)/Vector Visualiser";
			};
			name = Release;
		};
		77615AE92C1F940C00015782 /* Debug */ = {
			isa = XCBuildConfiguration;
			buildSettings = {
				ALWAYS_EMBED_SWIFT_STANDARD_LIBRARIES = YES;
				CODE_SIGN_STYLE = Automatic;
				CURRENT_PROJECT_VERSION = 1;
				DEVELOPMENT_TEAM = N4XT3T68YY;
				GENERATE_INFOPLIST_FILE = YES;
				MARKETING_VERSION = 1.0;
				PRODUCT_BUNDLE_IDENTIFIER = "Will-Lucas.Vector-VisualiserUITests";
				PRODUCT_NAME = "$(TARGET_NAME)";
				SWIFT_EMIT_LOC_STRINGS = NO;
				SWIFT_VERSION = 5.0;
				TEST_TARGET_NAME = "Vector Visualiser";
			};
			name = Debug;
		};
		77615AEA2C1F940C00015782 /* Release */ = {
			isa = XCBuildConfiguration;
			buildSettings = {
				ALWAYS_EMBED_SWIFT_STANDARD_LIBRARIES = YES;
				CODE_SIGN_STYLE = Automatic;
				CURRENT_PROJECT_VERSION = 1;
				DEVELOPMENT_TEAM = N4XT3T68YY;
				GENERATE_INFOPLIST_FILE = YES;
				MARKETING_VERSION = 1.0;
				PRODUCT_BUNDLE_IDENTIFIER = "Will-Lucas.Vector-VisualiserUITests";
				PRODUCT_NAME = "$(TARGET_NAME)";
				SWIFT_EMIT_LOC_STRINGS = NO;
				SWIFT_VERSION = 5.0;
				TEST_TARGET_NAME = "Vector Visualiser";
			};
			name = Release;
		};
/* End XCBuildConfiguration section */

/* Begin XCConfigurationList section */
		77615AB62C1F940A00015782 /* Build configuration list for PBXProject "Vector Visualiser" */ = {
			isa = XCConfigurationList;
			buildConfigurations = (
				77615AE02C1F940C00015782 /* Debug */,
				77615AE12C1F940C00015782 /* Release */,
			);
			defaultConfigurationIsVisible = 0;
			defaultConfigurationName = Release;
		};
		77615AE22C1F940C00015782 /* Build configuration list for PBXNativeTarget "Vector Visualiser" */ = {
			isa = XCConfigurationList;
			buildConfigurations = (
				77615AE32C1F940C00015782 /* Debug */,
				77615AE42C1F940C00015782 /* Release */,
			);
			defaultConfigurationIsVisible = 0;
			defaultConfigurationName = Release;
		};
		77615AE52C1F940C00015782 /* Build configuration list for PBXNativeTarget "Vector VisualiserTests" */ = {
			isa = XCConfigurationList;
			buildConfigurations = (
				77615AE62C1F940C00015782 /* Debug */,
				77615AE72C1F940C00015782 /* Release */,
			);
			defaultConfigurationIsVisible = 0;
			defaultConfigurationName = Release;
		};
		77615AE82C1F940C00015782 /* Build configuration list for PBXNativeTarget "Vector VisualiserUITests" */ = {
			isa = XCConfigurationList;
			buildConfigurations = (
				77615AE92C1F940C00015782 /* Debug */,
				77615AEA2C1F940C00015782 /* Release */,
			);
			defaultConfigurationIsVisible = 0;
			defaultConfigurationName = Release;
		};
/* End XCConfigurationList section */
	};
	rootObject = 77615AB32C1F940A00015782 /* Project object */;
}
